
Microsoft Visual Studio Solution File, Format Version 12.00
# Visual Studio Version 16
VisualStudioVersion = 16.0.31424.327
MinimumVisualStudioVersion = 10.0.40219.1
Project("{9A19103F-16F7-4668-BE54-9A1E7A4F7556}") = "SpecFlowDemo", "SpecFlowDemo\SpecFlowDemo.csproj", "{BE5AF5E3-6DED-4BE1-A32A-47334F0021D5}"
EndProject
Project("{FAE04EC0-301F-11D3-BF4B-00C04F79EFBC}") = "SpecFlowDemoTest", "SpecFlowDemoTest\SpecFlowDemoTest.csproj", "{3C569CE3-5047-4660-BE21-89AEA7D316F7}"
EndProject
Global
	GlobalSection(SolutionConfigurationPlatforms) = preSolution
		Debug|Any CPU = Debug|Any CPU
		Release|Any CPU = Release|Any CPU
	EndGlobalSection
	GlobalSection(ProjectConfigurationPlatforms) = postSolution
		{BE5AF5E3-6DED-4BE1-A32A-47334F0021D5}.Debug|Any CPU.ActiveCfg = Debug|Any CPU
		{BE5AF5E3-6DED-4BE1-A32A-47334F0021D5}.Debug|Any CPU.Build.0 = Debug|Any CPU
		{BE5AF5E3-6DED-4BE1-A32A-47334F0021D5}.Release|Any CPU.ActiveCfg = Release|Any CPU
		{BE5AF5E3-6DED-4BE1-A32A-47334F0021D5}.Release|Any CPU.Build.0 = Release|Any CPU
		{3C569CE3-5047-4660-BE21-89AEA7D316F7}.Debug|Any CPU.ActiveCfg = Debug|Any CPU
		{3C569CE3-5047-4660-BE21-89AEA7D316F7}.Debug|Any CPU.Build.0 = Debug|Any CPU
		{3C569CE3-5047-4660-BE21-89AEA7D316F7}.Release|Any CPU.ActiveCfg = Release|Any CPU
		{3C569CE3-5047-4660-BE21-89AEA7D316F7}.Release|Any CPU.Build.0 = Release|Any CPU
	EndGlobalSection
	GlobalSection(SolutionProperties) = preSolution
		HideSolutionNode = FALSE
	EndGlobalSection
	GlobalSection(ExtensibilityGlobals) = postSolution
		SolutionGuid = {B4DBF04A-9908-458B-823C-AA15AFD8440A}
	EndGlobalSection
EndGlobal
